
Microsoft Visual Studio Solution File, Format Version 12.00
Project("{FAE04EC0-301F-11D3-BF4B-00C04F79EFBC}") = "Warehouse.Server", "Warehouse.Server\Warehouse.Server.csproj", "{BAB967C6-6798-4942-9522-111D5DE4E521}"
EndProject
Project("{FAE04EC0-301F-11D3-BF4B-00C04F79EFBC}") = "Warehouse.Data", "Warehouse.Data\Warehouse.Data.csproj", "{4D178C52-40B0-4207-834D-3853D6EF0FBE}"
EndProject
Project("{FAE04EC0-301F-11D3-BF4B-00C04F79EFBC}") = "Warehouse.Core", "Warehouse.Core\Warehouse.Core.csproj", "{3CD47470-B7F0-4B17-B7F2-F9DFABCD8256}"
EndProject
Project("{FAE04EC0-301F-11D3-BF4B-00C04F79EFBC}") = "Warehouse.SQL", "Warehouse.SQL\Warehouse.SQL.csproj", "{DBD6AB55-8229-4122-BA22-A3F178B3136A}"
EndProject
Global
	GlobalSection(SolutionConfigurationPlatforms) = preSolution
		Debug|Any CPU = Debug|Any CPU
		Release|Any CPU = Release|Any CPU
	EndGlobalSection
	GlobalSection(ProjectConfigurationPlatforms) = postSolution
		{BAB967C6-6798-4942-9522-111D5DE4E521}.Debug|Any CPU.ActiveCfg = Debug|Any CPU
		{BAB967C6-6798-4942-9522-111D5DE4E521}.Debug|Any CPU.Build.0 = Debug|Any CPU
		{BAB967C6-6798-4942-9522-111D5DE4E521}.Release|Any CPU.ActiveCfg = Release|Any CPU
		{BAB967C6-6798-4942-9522-111D5DE4E521}.Release|Any CPU.Build.0 = Release|Any CPU
		{4D178C52-40B0-4207-834D-3853D6EF0FBE}.Debug|Any CPU.ActiveCfg = Debug|Any CPU
		{4D178C52-40B0-4207-834D-3853D6EF0FBE}.Debug|Any CPU.Build.0 = Debug|Any CPU
		{4D178C52-40B0-4207-834D-3853D6EF0FBE}.Release|Any CPU.ActiveCfg = Release|Any CPU
		{4D178C52-40B0-4207-834D-3853D6EF0FBE}.Release|Any CPU.Build.0 = Release|Any CPU
		{3CD47470-B7F0-4B17-B7F2-F9DFABCD8256}.Debug|Any CPU.ActiveCfg = Debug|Any CPU
		{3CD47470-B7F0-4B17-B7F2-F9DFABCD8256}.Debug|Any CPU.Build.0 = Debug|Any CPU
		{3CD47470-B7F0-4B17-B7F2-F9DFABCD8256}.Release|Any CPU.ActiveCfg = Release|Any CPU
		{3CD47470-B7F0-4B17-B7F2-F9DFABCD8256}.Release|Any CPU.Build.0 = Release|Any CPU
		{DBD6AB55-8229-4122-BA22-A3F178B3136A}.Debug|Any CPU.ActiveCfg = Debug|Any CPU
		{DBD6AB55-8229-4122-BA22-A3F178B3136A}.Debug|Any CPU.Build.0 = Debug|Any CPU
		{DBD6AB55-8229-4122-BA22-A3F178B3136A}.Release|Any CPU.ActiveCfg = Release|Any CPU
		{DBD6AB55-8229-4122-BA22-A3F178B3136A}.Release|Any CPU.Build.0 = Release|Any CPU
	EndGlobalSection
EndGlobal
